
Microsoft Visual Studio Solution File, Format Version 12.00
# Visual Studio Version 17
VisualStudioVersion = 17.0.31903.59
MinimumVisualStudioVersion = 10.0.40219.1
Project("{2150E333-8FDC-42A3-9474-1A3956D46DE8}") = "src", "src", "{827E0CD3-B72D-47B6-A68D-7590B98EB39B}"
EndProject
Project("{FAE04EC0-301F-11D3-BF4B-00C04F79EFBC}") = "Souq.Domain", "src\Souq.Domain\Souq.Domain.csproj", "{C996904B-E3B0-42FB-8A33-2C8667E1B1FE}"
EndProject
Project("{FAE04EC0-301F-11D3-BF4B-00C04F79EFBC}") = "Souq.Application", "src\Souq.Application\Souq.Application.csproj", "{C080FC0B-4A39-4017-A623-E8FD99644203}"
EndProject
Project("{FAE04EC0-301F-11D3-BF4B-00C04F79EFBC}") = "Souq.Infrastructure", "src\Souq.Infrastructure\Souq.Infrastructure.csproj", "{CE874120-E6EC-4668-92D4-2891B2460D96}"
EndProject
Project("{FAE04EC0-301F-11D3-BF4B-00C04F79EFBC}") = "Souq.API", "src\Souq.API\Souq.API.csproj", "{A5D8BF19-D9AD-47E9-BB5B-813F5FDEEB71}"
EndProject
Project("{2150E333-8FDC-42A3-9474-1A3956D46DE8}") = "tests", "tests", "{0AB3BF05-4346-4AA6-1389-037BE0695223}"
EndProject
Project("{FAE04EC0-301F-11D3-BF4B-00C04F79EFBC}") = "Souq.Domain.Tests", "tests\Souq.Domain.Tests\Souq.Domain.Tests.csproj", "{1DCFE34F-A265-47F4-A431-146134EF8B39}"
EndProject
Project("{FAE04EC0-301F-11D3-BF4B-00C04F79EFBC}") = "Souq.Application.Tests", "tests\Souq.Application.Tests\Souq.Application.Tests.csproj", "{6BD1FA7D-94A3-4CCC-8C44-0E812BAB11C1}"
EndProject
Global
	GlobalSection(SolutionConfigurationPlatforms) = preSolution
		Debug|Any CPU = Debug|Any CPU
		Debug|x64 = Debug|x64
		Debug|x86 = Debug|x86
		Release|Any CPU = Release|Any CPU
		Release|x64 = Release|x64
		Release|x86 = Release|x86
	EndGlobalSection
	GlobalSection(ProjectConfigurationPlatforms) = postSolution
		{C996904B-E3B0-42FB-8A33-2C8667E1B1FE}.Debug|Any CPU.ActiveCfg = Debug|Any CPU
		{C996904B-E3B0-42FB-8A33-2C8667E1B1FE}.Debug|Any CPU.Build.0 = Debug|Any CPU
		{C996904B-E3B0-42FB-8A33-2C8667E1B1FE}.Debug|x64.ActiveCfg = Debug|Any CPU
		{C996904B-E3B0-42FB-8A33-2C8667E1B1FE}.Debug|x64.Build.0 = Debug|Any CPU
		{C996904B-E3B0-42FB-8A33-2C8667E1B1FE}.Debug|x86.ActiveCfg = Debug|Any CPU
		{C996904B-E3B0-42FB-8A33-2C8667E1B1FE}.Debug|x86.Build.0 = Debug|Any CPU
		{C996904B-E3B0-42FB-8A33-2C8667E1B1FE}.Release|Any CPU.ActiveCfg = Release|Any CPU
		{C996904B-E3B0-42FB-8A33-2C8667E1B1FE}.Release|Any CPU.Build.0 = Release|Any CPU
		{C996904B-E3B0-42FB-8A33-2C8667E1B1FE}.Release|x64.ActiveCfg = Release|Any CPU
		{C996904B-E3B0-42FB-8A33-2C8667E1B1FE}.Release|x64.Build.0 = Release|Any CPU
		{C996904B-E3B0-42FB-8A33-2C8667E1B1FE}.Release|x86.ActiveCfg = Release|Any CPU
		{C996904B-E3B0-42FB-8A33-2C8667E1B1FE}.Release|x86.Build.0 = Release|Any CPU
		{C080FC0B-4A39-4017-A623-E8FD99644203}.Debug|Any CPU.ActiveCfg = Debug|Any CPU
		{C080FC0B-4A39-4017-A623-E8FD99644203}.Debug|Any CPU.Build.0 = Debug|Any CPU
		{C080FC0B-4A39-4017-A623-E8FD99644203}.Debug|x64.ActiveCfg = Debug|Any CPU
		{C080FC0B-4A39-4017-A623-E8FD99644203}.Debug|x64.Build.0 = Debug|Any CPU
		{C080FC0B-4A39-4017-A623-E8FD99644203}.Debug|x86.ActiveCfg = Debug|Any CPU
		{C080FC0B-4A39-4017-A623-E8FD99644203}.Debug|x86.Build.0 = Debug|Any CPU
		{C080FC0B-4A39-4017-A623-E8FD99644203}.Release|Any CPU.ActiveCfg = Release|Any CPU
		{C080FC0B-4A39-4017-A623-E8FD99644203}.Release|Any CPU.Build.0 = Release|Any CPU
		{C080FC0B-4A39-4017-A623-E8FD99644203}.Release|x64.ActiveCfg = Release|Any CPU
		{C080FC0B-4A39-4017-A623-E8FD99644203}.Release|x64.Build.0 = Release|Any CPU
		{C080FC0B-4A39-4017-A623-E8FD99644203}.Release|x86.ActiveCfg = Release|Any CPU
		{C080FC0B-4A39-4017-A623-E8FD99644203}.Release|x86.Build.0 = Release|Any CPU
		{CE874120-E6EC-4668-92D4-2891B2460D96}.Debug|Any CPU.ActiveCfg = Debug|Any CPU
		{CE874120-E6EC-4668-92D4-2891B2460D96}.Debug|Any CPU.Build.0 = Debug|Any CPU
		{CE874120-E6EC-4668-92D4-2891B2460D96}.Debug|x64.ActiveCfg = Debug|Any CPU
		{CE874120-E6EC-4668-92D4-2891B2460D96}.Debug|x64.Build.0 = Debug|Any CPU
		{CE874120-E6EC-4668-92D4-2891B2460D96}.Debug|x86.ActiveCfg = Debug|Any CPU
		{CE874120-E6EC-4668-92D4-2891B2460D96}.Debug|x86.Build.0 = Debug|Any CPU
		{CE874120-E6EC-4668-92D4-2891B2460D96}.Release|Any CPU.ActiveCfg = Release|Any CPU
		{CE874120-E6EC-4668-92D4-2891B2460D96}.Release|Any CPU.Build.0 = Release|Any CPU
		{CE874120-E6EC-4668-92D4-2891B2460D96}.Release|x64.ActiveCfg = Release|Any CPU
		{CE874120-E6EC-4668-92D4-2891B2460D96}.Release|x64.Build.0 = Release|Any CPU
		{CE874120-E6EC-4668-92D4-2891B2460D96}.Release|x86.ActiveCfg = Release|Any CPU
		{CE874120-E6EC-4668-92D4-2891B2460D96}.Release|x86.Build.0 = Release|Any CPU
		{A5D8BF19-D9AD-47E9-BB5B-813F5FDEEB71}.Debug|Any CPU.ActiveCfg = Debug|Any CPU
		{A5D8BF19-D9AD-47E9-BB5B-813F5FDEEB71}.Debug|Any CPU.Build.0 = Debug|Any CPU
		{A5D8BF19-D9AD-47E9-BB5B-813F5FDEEB71}.Debug|x64.ActiveCfg = Debug|Any CPU
		{A5D8BF19-D9AD-47E9-BB5B-813F5FDEEB71}.Debug|x64.Build.0 = Debug|Any CPU
		{A5D8BF19-D9AD-47E9-BB5B-813F5FDEEB71}.Debug|x86.ActiveCfg = Debug|Any CPU
		{A5D8BF19-D9AD-47E9-BB5B-813F5FDEEB71}.Debug|x86.Build.0 = Debug|Any CPU
		{A5D8BF19-D9AD-47E9-BB5B-813F5FDEEB71}.Release|Any CPU.ActiveCfg = Release|Any CPU
		{A5D8BF19-D9AD-47E9-BB5B-813F5FDEEB71}.Release|Any CPU.Build.0 = Release|Any CPU
		{A5D8BF19-D9AD-47E9-BB5B-813F5FDEEB71}.Release|x64.ActiveCfg = Release|Any CPU
		{A5D8BF19-D9AD-47E9-BB5B-813F5FDEEB71}.Release|x64.Build.0 = Release|Any CPU
		{A5D8BF19-D9AD-47E9-BB5B-813F5FDEEB71}.Release|x86.ActiveCfg = Release|Any CPU
		{A5D8BF19-D9AD-47E9-BB5B-813F5FDEEB71}.Release|x86.Build.0 = Release|Any CPU
		{1DCFE34F-A265-47F4-A431-146134EF8B39}.Debug|Any CPU.ActiveCfg = Debug|Any CPU
		{1DCFE34F-A265-47F4-A431-146134EF8B39}.Debug|Any CPU.Build.0 = Debug|Any CPU
		{1DCFE34F-A265-47F4-A431-146134EF8B39}.Debug|x64.ActiveCfg = Debug|Any CPU
		{1DCFE34F-A265-47F4-A431-146134EF8B39}.Debug|x64.Build.0 = Debug|Any CPU
		{1DCFE34F-A265-47F4-A431-146134EF8B39}.Debug|x86.ActiveCfg = Debug|Any CPU
		{1DCFE34F-A265-47F4-A431-146134EF8B39}.Debug|x86.Build.0 = Debug|Any CPU
		{1DCFE34F-A265-47F4-A431-146134EF8B39}.Release|Any CPU.ActiveCfg = Release|Any CPU
		{1DCFE34F-A265-47F4-A431-146134EF8B39}.Release|Any CPU.Build.0 = Release|Any CPU
		{1DCFE34F-A265-47F4-A431-146134EF8B39}.Release|x64.ActiveCfg = Release|Any CPU
		{1DCFE34F-A265-47F4-A431-146134EF8B39}.Release|x64.Build.0 = Release|Any CPU
		{1DCFE34F-A265-47F4-A431-146134EF8B39}.Release|x86.ActiveCfg = Release|Any CPU
		{1DCFE34F-A265-47F4-A431-146134EF8B39}.Release|x86.Build.0 = Release|Any CPU
		{6BD1FA7D-94A3-4CCC-8C44-0E812BAB11C1}.Debug|Any CPU.ActiveCfg = Debug|Any CPU
		{6BD1FA7D-94A3-4CCC-8C44-0E812BAB11C1}.Debug|Any CPU.Build.0 = Debug|Any CPU
		{6BD1FA7D-94A3-4CCC-8C44-0E812BAB11C1}.Debug|x64.ActiveCfg = Debug|Any CPU
		{6BD1FA7D-94A3-4CCC-8C44-0E812BAB11C1}.Debug|x64.Build.0 = Debug|Any CPU
		{6BD1FA7D-94A3-4CCC-8C44-0E812BAB11C1}.Debug|x86.ActiveCfg = Debug|Any CPU
		{6BD1FA7D-94A3-4CCC-8C44-0E812BAB11C1}.Debug|x86.Build.0 = Debug|Any CPU
		{6BD1FA7D-94A3-4CCC-8C44-0E812BAB11C1}.Release|Any CPU.ActiveCfg = Release|Any CPU
		{6BD1FA7D-94A3-4CCC-8C44-0E812BAB11C1}.Release|Any CPU.Build.0 = Release|Any CPU
		{6BD1FA7D-94A3-4CCC-8C44-0E812BAB11C1}.Release|x64.ActiveCfg = Release|Any CPU
		{6BD1FA7D-94A3-4CCC-8C44-0E812BAB11C1}.Release|x64.Build.0 = Release|Any CPU
		{6BD1FA7D-94A3-4CCC-8C44-0E812BAB11C1}.Release|x86.ActiveCfg = Release|Any CPU
		{6BD1FA7D-94A3-4CCC-8C44-0E812BAB11C1}.Release|x86.Build.0 = Release|Any CPU
	EndGlobalSection
	GlobalSection(SolutionProperties) = preSolution
		HideSolutionNode = FALSE
	EndGlobalSection
	GlobalSection(NestedProjects) = preSolution
		{C996904B-E3B0-42FB-8A33-2C8667E1B1FE} = {827E0CD3-B72D-47B6-A68D-7590B98EB39B}
		{C080FC0B-4A39-4017-A623-E8FD99644203} = {827E0CD3-B72D-47B6-A68D-7590B98EB39B}
		{CE874120-E6EC-4668-92D4-2891B2460D96} = {827E0CD3-B72D-47B6-A68D-7590B98EB39B}
		{A5D8BF19-D9AD-47E9-BB5B-813F5FDEEB71} = {827E0CD3-B72D-47B6-A68D-7590B98EB39B}
		{1DCFE34F-A265-47F4-A431-146134EF8B39} = {0AB3BF05-4346-4AA6-1389-037BE0695223}
		{6BD1FA7D-94A3-4CCC-8C44-0E812BAB11C1} = {0AB3BF05-4346-4AA6-1389-037BE0695223}
	EndGlobalSection
EndGlobal
